
Microsoft Visual Studio Solution File, Format Version 12.00
# Visual Studio 2012
Project("{FAE04EC0-301F-11D3-BF4B-00C04F79EFBC}") = "YetiMessaging", "YetiMessaging\YetiMessaging.csproj", "{8B66C602-1D80-43A3-BC7E-017E9AB4664E}"
EndProject
Project("{FAE04EC0-301F-11D3-BF4B-00C04F79EFBC}") = "YetiMessagingTest", "YetiMessagingTest\YetiMessagingTest.csproj", "{1451421A-7F69-4334-9A5D-5A4A97DE986F}"
EndProject
Global
	GlobalSection(SolutionConfigurationPlatforms) = preSolution
		Debug|Any CPU = Debug|Any CPU
		Release|Any CPU = Release|Any CPU
	EndGlobalSection
	GlobalSection(ProjectConfigurationPlatforms) = postSolution
		{8B66C602-1D80-43A3-BC7E-017E9AB4664E}.Debug|Any CPU.ActiveCfg = Debug|Any CPU
		{8B66C602-1D80-43A3-BC7E-017E9AB4664E}.Debug|Any CPU.Build.0 = Debug|Any CPU
		{8B66C602-1D80-43A3-BC7E-017E9AB4664E}.Release|Any CPU.ActiveCfg = Release|Any CPU
		{8B66C602-1D80-43A3-BC7E-017E9AB4664E}.Release|Any CPU.Build.0 = Release|Any CPU
		{1451421A-7F69-4334-9A5D-5A4A97DE986F}.Debug|Any CPU.ActiveCfg = Debug|Any CPU
		{1451421A-7F69-4334-9A5D-5A4A97DE986F}.Debug|Any CPU.Build.0 = Debug|Any CPU
		{1451421A-7F69-4334-9A5D-5A4A97DE986F}.Release|Any CPU.ActiveCfg = Release|Any CPU
		{1451421A-7F69-4334-9A5D-5A4A97DE986F}.Release|Any CPU.Build.0 = Release|Any CPU
	EndGlobalSection
	GlobalSection(SolutionProperties) = preSolution
		HideSolutionNode = FALSE
	EndGlobalSection
EndGlobal
